
Microsoft Visual Studio Solution File, Format Version 12.00
# Visual Studio 15
VisualStudioVersion = 15.0.27004.2010
MinimumVisualStudioVersion = 10.0.40219.1
Project("{FAE04EC0-301F-11D3-BF4B-00C04F79EFBC}") = "Lab03", "Lab03\Lab03.csproj", "{BA00263E-8F1F-499E-8C23-2CD8EDAFB406}"
EndProject
Global
	GlobalSection(SolutionConfigurationPlatforms) = preSolution
		Debug|Any CPU = Debug|Any CPU
		Release|Any CPU = Release|Any CPU
	EndGlobalSection
	GlobalSection(ProjectConfigurationPlatforms) = postSolution
		{BA00263E-8F1F-499E-8C23-2CD8EDAFB406}.Debug|Any CPU.ActiveCfg = Debug|Any CPU
		{BA00263E-8F1F-499E-8C23-2CD8EDAFB406}.Debug|Any CPU.Build.0 = Debug|Any CPU
		{BA00263E-8F1F-499E-8C23-2CD8EDAFB406}.Release|Any CPU.ActiveCfg = Release|Any CPU
		{BA00263E-8F1F-499E-8C23-2CD8EDAFB406}.Release|Any CPU.Build.0 = Release|Any CPU
	EndGlobalSection
	GlobalSection(SolutionProperties) = preSolution
		HideSolutionNode = FALSE
	EndGlobalSection
	GlobalSection(ExtensibilityGlobals) = postSolution
		SolutionGuid = {1C56A548-3FCF-4595-84A8-2DF13A1A0F0C}
	EndGlobalSection
EndGlobal
