
Microsoft Visual Studio Solution File, Format Version 12.00
# Visual Studio 15
VisualStudioVersion = 15.0.27004.2010
MinimumVisualStudioVersion = 10.0.40219.1
Project("{FAE04EC0-301F-11D3-BF4B-00C04F79EFBC}") = "Lab02_1067817", "Lab02_1067817\Lab02_1067817.csproj", "{0C5B1A4D-D8E7-4A7A-B9DB-8AD9AE7F57EF}"
EndProject
Global
	GlobalSection(SolutionConfigurationPlatforms) = preSolution
		Debug|Any CPU = Debug|Any CPU
		Release|Any CPU = Release|Any CPU
	EndGlobalSection
	GlobalSection(ProjectConfigurationPlatforms) = postSolution
		{0C5B1A4D-D8E7-4A7A-B9DB-8AD9AE7F57EF}.Debug|Any CPU.ActiveCfg = Debug|Any CPU
		{0C5B1A4D-D8E7-4A7A-B9DB-8AD9AE7F57EF}.Debug|Any CPU.Build.0 = Debug|Any CPU
		{0C5B1A4D-D8E7-4A7A-B9DB-8AD9AE7F57EF}.Release|Any CPU.ActiveCfg = Release|Any CPU
		{0C5B1A4D-D8E7-4A7A-B9DB-8AD9AE7F57EF}.Release|Any CPU.Build.0 = Release|Any CPU
	EndGlobalSection
	GlobalSection(SolutionProperties) = preSolution
		HideSolutionNode = FALSE
	EndGlobalSection
	GlobalSection(ExtensibilityGlobals) = postSolution
		SolutionGuid = {2189EDAE-4C4D-4809-AAE0-90FB551F5701}
	EndGlobalSection
EndGlobal
