
Microsoft Visual Studio Solution File, Format Version 12.00
# Visual Studio 15
VisualStudioVersion = 15.0.27004.2010
MinimumVisualStudioVersion = 10.0.40219.1
Project("{FAE04EC0-301F-11D3-BF4B-00C04F79EFBC}") = "Project01", "Project01\Project01.csproj", "{1932C2C7-2D44-4540-AC3B-A116655931B9}"
EndProject
Global
	GlobalSection(SolutionConfigurationPlatforms) = preSolution
		Debug|Any CPU = Debug|Any CPU
		Release|Any CPU = Release|Any CPU
	EndGlobalSection
	GlobalSection(ProjectConfigurationPlatforms) = postSolution
		{1932C2C7-2D44-4540-AC3B-A116655931B9}.Debug|Any CPU.ActiveCfg = Debug|Any CPU
		{1932C2C7-2D44-4540-AC3B-A116655931B9}.Debug|Any CPU.Build.0 = Debug|Any CPU
		{1932C2C7-2D44-4540-AC3B-A116655931B9}.Release|Any CPU.ActiveCfg = Release|Any CPU
		{1932C2C7-2D44-4540-AC3B-A116655931B9}.Release|Any CPU.Build.0 = Release|Any CPU
	EndGlobalSection
	GlobalSection(SolutionProperties) = preSolution
		HideSolutionNode = FALSE
	EndGlobalSection
	GlobalSection(ExtensibilityGlobals) = postSolution
		SolutionGuid = {D2F28D84-38B2-4D0B-B2F5-7045F6D5488F}
	EndGlobalSection
EndGlobal
